{
  "name": "@moryx/ngx-web-framework",
  "version": "20.0.2",
  "lockfileVersion": 3,
  "requires": true,
  "packages": {
    "": {
      "name": "@moryx/ngx-web-framework",
      "version": "20.0.2",
      "dependencies": {
        "tslib": "^2.8.1"
      },
      "devDependencies": {
        "@angular/animations": "^19.0.0",
        "@angular/cdk": "^19.0.0",
        "@angular/common": "^19.0.0",
        "@angular/core": "^19.0.0",
        "@angular/forms": "^19.0.0",
        "@angular/material": "^19.0.0",
        "@angular/router": "^19.0.0",
        "@ngx-translate/core": "^16.0.4",
        "@ngx-translate/http-loader": "^16.0.1",
        "copyfiles": "file:../../node_modules/copyfiles",
        "rxjs": "^7.8.1",
        "typescript": "~5.5.4"
      },
      "peerDependencies": {
        "@angular/animations": "^19.0.0",
        "@angular/cdk": "^19.0.0",
        "@angular/common": "^19.0.0",
        "@angular/core": "^19.0.0",
        "@angular/forms": "^19.0.0",
        "@angular/material": "^19.0.0",
        "@angular/router": "^19.0.0",
        "@ngx-translate/core": "^16.0.4",
        "@ngx-translate/http-loader": "^16.0.1",
        "rxjs": "^7.8.1"
      }
    },
    "../../node_modules/copyfiles": {
      "version": "2.4.1",
      "dev": true,
      "license": "MIT",
      "dependencies": {
        "glob": "^7.0.5",
        "minimatch": "^3.0.3",
        "mkdirp": "^1.0.4",
        "noms": "0.0.0",
        "through2": "^2.0.1",
        "untildify": "^4.0.0",
        "yargs": "^16.1.0"
      },
      "bin": {
        "copyfiles": "copyfiles",
        "copyup": "copyfiles"
      },
      "devDependencies": {
        "rimraf": "^2.2.6",
        "tap-spec": "^5.0.0",
        "tape": "^4.6.0"
      }
    },
    "../../node_modules/copyfiles/node_modules/ansi-regex": {
      "version": "5.0.1",
      "dev": true,
      "license": "MIT",
      "engines": {
        "node": ">=8"
      }
    },
    "../../node_modules/copyfiles/node_modules/cliui": {
      "version": "7.0.4",
      "dev": true,
      "license": "ISC",
      "dependencies": {
        "string-width": "^4.2.0",
        "strip-ansi": "^6.0.0",
        "wrap-ansi": "^7.0.0"
      }
    },
    "../../node_modules/copyfiles/node_modules/emoji-regex": {
      "version": "8.0.0",
      "dev": true,
      "license": "MIT"
    },
    "../../node_modules/copyfiles/node_modules/is-fullwidth-code-point": {
      "version": "3.0.0",
      "dev": true,
      "license": "MIT",
      "engines": {
        "node": ">=8"
      }
    },
    "../../node_modules/copyfiles/node_modules/string-width": {
      "version": "4.2.3",
      "dev": true,
      "license": "MIT",
      "dependencies": {
        "emoji-regex": "^8.0.0",
        "is-fullwidth-code-point": "^3.0.0",
        "strip-ansi": "^6.0.1"
      },
      "engines": {
        "node": ">=8"
      }
    },
    "../../node_modules/copyfiles/node_modules/strip-ansi": {
      "version": "6.0.1",
      "dev": true,
      "license": "MIT",
      "dependencies": {
        "ansi-regex": "^5.0.1"
      },
      "engines": {
        "node": ">=8"
      }
    },
    "../../node_modules/copyfiles/node_modules/wrap-ansi": {
      "version": "7.0.0",
      "dev": true,
      "license": "MIT",
      "dependencies": {
        "ansi-styles": "^4.0.0",
        "string-width": "^4.1.0",
        "strip-ansi": "^6.0.0"
      },
      "engines": {
        "node": ">=10"
      },
      "funding": {
        "url": "https://github.com/chalk/wrap-ansi?sponsor=1"
      }
    },
    "../../node_modules/copyfiles/node_modules/yargs": {
      "version": "16.2.0",
      "dev": true,
      "license": "MIT",
      "dependencies": {
        "cliui": "^7.0.2",
        "escalade": "^3.1.1",
        "get-caller-file": "^2.0.5",
        "require-directory": "^2.1.1",
        "string-width": "^4.2.0",
        "y18n": "^5.0.5",
        "yargs-parser": "^20.2.2"
      },
      "engines": {
        "node": ">=10"
      }
    },
    "../../node_modules/copyfiles/node_modules/yargs-parser": {
      "version": "20.2.9",
      "dev": true,
      "license": "ISC",
      "engines": {
        "node": ">=10"
      }
    },
    "node_modules/@angular/animations": {
      "version": "19.2.2",
      "resolved": "https://registry.npmjs.org/@angular/animations/-/animations-19.2.2.tgz",
      "integrity": "sha512-WG+0IBzS77WxqGhK8dcZdt5D0doe9wpfeSfKArJwLeRvGzG+4fYEmajGusklAcxnP0R6LzUkVNHrfwJspLvyEw==",
      "dev": true,
      "license": "MIT",
      "dependencies": {
        "tslib": "^2.3.0"
      },
      "engines": {
        "node": "^18.19.1 || ^20.11.1 || >=22.0.0"
      },
      "peerDependencies": {
        "@angular/core": "19.2.2"
      }
    },
    "node_modules/@angular/cdk": {
      "version": "19.2.3",
      "resolved": "https://registry.npmjs.org/@angular/cdk/-/cdk-19.2.3.tgz",
      "integrity": "sha512-hTyYjdx9T572TblqlLDv54U7ro1/HXr3/2a++A+t8ZkcKLyI+/0Yfu6OsrWTpl2OsRYFZ0QwvbyI8ZLUIZPkqQ==",
      "dev": true,
      "license": "MIT",
      "dependencies": {
        "tslib": "^2.3.0"
      },
      "optionalDependencies": {
        "parse5": "^7.1.2"
      },
      "peerDependencies": {
        "@angular/common": "^19.0.0 || ^20.0.0",
        "@angular/core": "^19.0.0 || ^20.0.0",
        "rxjs": "^6.5.3 || ^7.4.0"
      }
    },
    "node_modules/@angular/common": {
      "version": "19.2.2",
      "resolved": "https://registry.npmjs.org/@angular/common/-/common-19.2.2.tgz",
      "integrity": "sha512-tLb4/gAjy1WFYZd68FnwLaC8w3b10RG8r+x5MUnbyhJa9K3qILzF8gWUVJ4tKLKentB3fWPWPNs9OFZH5XVf1g==",
      "dev": true,
      "license": "MIT",
      "dependencies": {
        "tslib": "^2.3.0"
      },
      "engines": {
        "node": "^18.19.1 || ^20.11.1 || >=22.0.0"
      },
      "peerDependencies": {
        "@angular/core": "19.2.2",
        "rxjs": "^6.5.3 || ^7.4.0"
      }
    },
    "node_modules/@angular/core": {
      "version": "19.2.2",
      "resolved": "https://registry.npmjs.org/@angular/core/-/core-19.2.2.tgz",
      "integrity": "sha512-RL2wxk62BREW4sksnBSjtBDgPxHqIJQKkrlxXbbu2jZql7xohEQtdTZP3DB6iWnZLYgz8CAfTzyaHMvj6HfdLg==",
      "dev": true,
      "license": "MIT",
      "dependencies": {
        "tslib": "^2.3.0"
      },
      "engines": {
        "node": "^18.19.1 || ^20.11.1 || >=22.0.0"
      },
      "peerDependencies": {
        "rxjs": "^6.5.3 || ^7.4.0",
        "zone.js": "~0.15.0"
      }
    },
    "node_modules/@angular/forms": {
      "version": "19.2.2",
      "resolved": "https://registry.npmjs.org/@angular/forms/-/forms-19.2.2.tgz",
      "integrity": "sha512-Cin+VdP4SbSZU1VQvZLkIJ6j0srGoWHG/yS7HjsVRNGQHT9kRGi/sz8DE0wHYspLPkq0dGgkVFUcjzDKs3O+wA==",
      "dev": true,
      "license": "MIT",
      "dependencies": {
        "tslib": "^2.3.0"
      },
      "engines": {
        "node": "^18.19.1 || ^20.11.1 || >=22.0.0"
      },
      "peerDependencies": {
        "@angular/common": "19.2.2",
        "@angular/core": "19.2.2",
        "@angular/platform-browser": "19.2.2",
        "rxjs": "^6.5.3 || ^7.4.0"
      }
    },
    "node_modules/@angular/material": {
      "version": "19.2.3",
      "resolved": "https://registry.npmjs.org/@angular/material/-/material-19.2.3.tgz",
      "integrity": "sha512-yGe8oLT4b0Krvit6lq9SEShHoiSvC1dpMpI6dKSFk9JkVitemyex6bPzIow/0cNR3TDcXMFtpl/kc1L/EVaUuA==",
      "dev": true,
      "license": "MIT",
      "dependencies": {
        "tslib": "^2.3.0"
      },
      "peerDependencies": {
        "@angular/cdk": "19.2.3",
        "@angular/common": "^19.0.0 || ^20.0.0",
        "@angular/core": "^19.0.0 || ^20.0.0",
        "@angular/forms": "^19.0.0 || ^20.0.0",
        "@angular/platform-browser": "^19.0.0 || ^20.0.0",
        "rxjs": "^6.5.3 || ^7.4.0"
      }
    },
    "node_modules/@angular/platform-browser": {
      "version": "19.2.2",
      "resolved": "https://registry.npmjs.org/@angular/platform-browser/-/platform-browser-19.2.2.tgz",
      "integrity": "sha512-D15zwFiOczbPhJrdCgbuZwSDwQb6uyDjM5YI3SgIFIxP2JiVdBg3AvmqoJQOuU8ntMeeiOxtdl8nqcvUddhdPw==",
      "dev": true,
      "license": "MIT",
      "peer": true,
      "dependencies": {
        "tslib": "^2.3.0"
      },
      "engines": {
        "node": "^18.19.1 || ^20.11.1 || >=22.0.0"
      },
      "peerDependencies": {
        "@angular/animations": "19.2.2",
        "@angular/common": "19.2.2",
        "@angular/core": "19.2.2"
      },
      "peerDependenciesMeta": {
        "@angular/animations": {
          "optional": true
        }
      }
    },
    "node_modules/@angular/router": {
      "version": "19.2.2",
      "resolved": "https://registry.npmjs.org/@angular/router/-/router-19.2.2.tgz",
      "integrity": "sha512-H0JEN1cs7uX++piCyT2gfhgqONceCKbRRZq+zr1T61c5heAi2pBGHuuZnU0D1d0sgA82CGcWFrTduUJg5wWamw==",
      "dev": true,
      "license": "MIT",
      "dependencies": {
        "tslib": "^2.3.0"
      },
      "engines": {
        "node": "^18.19.1 || ^20.11.1 || >=22.0.0"
      },
      "peerDependencies": {
        "@angular/common": "19.2.2",
        "@angular/core": "19.2.2",
        "@angular/platform-browser": "19.2.2",
        "rxjs": "^6.5.3 || ^7.4.0"
      }
    },
    "node_modules/@ngx-translate/core": {
      "version": "16.0.4",
      "resolved": "https://registry.npmjs.org/@ngx-translate/core/-/core-16.0.4.tgz",
      "integrity": "sha512-s8llTL2SJvROhqttxvEs7Cg+6qSf4kvZPFYO+cTOY1d8DWTjlutRkWAleZcPPoeX927Dm7ALfL07G7oYDJ7z6w==",
      "dev": true,
      "license": "MIT",
      "dependencies": {
        "tslib": "^2.3.0"
      },
      "peerDependencies": {
        "@angular/common": ">=16",
        "@angular/core": ">=16"
      }
    },
    "node_modules/@ngx-translate/http-loader": {
      "version": "16.0.1",
      "resolved": "https://registry.npmjs.org/@ngx-translate/http-loader/-/http-loader-16.0.1.tgz",
      "integrity": "sha512-xJEOUpvs6Zfc8G4cmQmegFOEpfYSoplTHHoisPNrATXjRBjpaKsBaPOXlZsuFUW2XV00s16gIyI4+9z1XkO5bw==",
      "dev": true,
      "license": "MIT",
      "dependencies": {
        "tslib": "^2.3.0"
      },
      "peerDependencies": {
        "@angular/common": ">=16",
        "@angular/core": ">=16"
      }
    },
    "node_modules/copyfiles": {
      "resolved": "../../node_modules/copyfiles",
      "link": true
    },
    "node_modules/entities": {
      "version": "4.5.0",
      "dev": true,
      "license": "BSD-2-Clause",
      "optional": true,
      "engines": {
        "node": ">=0.12"
      },
      "funding": {
        "url": "https://github.com/fb55/entities?sponsor=1"
      }
    },
    "node_modules/parse5": {
      "version": "7.1.2",
      "dev": true,
      "license": "MIT",
      "optional": true,
      "dependencies": {
        "entities": "^4.4.0"
      },
      "funding": {
        "url": "https://github.com/inikulin/parse5?sponsor=1"
      }
    },
    "node_modules/rxjs": {
      "version": "7.8.1",
      "dev": true,
      "license": "Apache-2.0",
      "dependencies": {
        "tslib": "^2.1.0"
      }
    },
    "node_modules/tslib": {
      "version": "2.8.1",
      "resolved": "https://registry.npmjs.org/tslib/-/tslib-2.8.1.tgz",
      "integrity": "sha512-oJFu94HQb+KVduSUQL7wnpmqnfmLsOA/nAh6b6EH0wCEoK0/mPeXU6c3wKDV83MkOuHPRHtSXKKU99IBazS/2w==",
      "license": "0BSD"
    },
    "node_modules/typescript": {
      "version": "5.5.4",
      "resolved": "https://registry.npmjs.org/typescript/-/typescript-5.5.4.tgz",
      "integrity": "sha512-Mtq29sKDAEYP7aljRgtPOpTvOfbwRWlS6dPRzwjdE+C0R4brX/GUyhHSecbHMFLNBLcJIPt9nl9yG5TZ1weH+Q==",
      "dev": true,
      "license": "Apache-2.0",
      "bin": {
        "tsc": "bin/tsc",
        "tsserver": "bin/tsserver"
      },
      "engines": {
        "node": ">=14.17"
      }
    },
    "node_modules/zone.js": {
      "version": "0.15.0",
      "resolved": "https://registry.npmjs.org/zone.js/-/zone.js-0.15.0.tgz",
      "integrity": "sha512-9oxn0IIjbCZkJ67L+LkhYWRyAy7axphb3VgE2MBDlOqnmHMPWGYMxJxBYFueFq/JGY2GMwS0rU+UCLunEmy5UA==",
      "dev": true,
      "license": "MIT",
      "peer": true
    }
  }
}
